<?xml version="1.0" encoding="utf-8"?>
<Project ToolsVersion="4.0" xmlns="http://schemas.microsoft.com/developer/msbuild/2003">
  <ItemGroup>
    <Filter Include="Source">
      <UniqueIdentifier>{4FC737F1-C7A5-4376-A066-2A32D752A2FF}</UniqueIdentifier>
      <Extensions>cpp;c;cc;cxx;def;odl;idl;hpj;bat;asm;asmx</Extensions>
    </Filter>
    <Filter Include="Include">
      <UniqueIdentifier>{93995380-89BD-4b04-88EB-625FBE52EBFB}</UniqueIdentifier>
      <Extensions>h;hpp;hxx;hm;inl;inc;xsd</Extensions>
    </Filter>
    <Filter Include="Resources">
      <UniqueIdentifier>{67DA6AB6-F800-4c08-8B7A-83BB121AAD01}</UniqueIdentifier>
      <Extensions>rc;ico;cur;bmp;dlg;rc2;rct;bin;rgs;gif;jpg;jpeg;jpe;resx;tiff;tif;png;wav;mfcribbon-ms</Extensions>
    </Filter>
    <Filter Include="CFG">
      <UniqueIdentifier>{6c745a9a-4577-4cea-9932-dc44c28cd943}</UniqueIdentifier>
    </Filter>
  </ItemGroup>
  <ItemGroup>
    <ClCompile Include="cMain.cpp">
      <Filter>Source</Filter>
    </ClCompile>
    <ClCompile Include="cDirectX.cpp">
      <Filter>Source</Filter>
    </ClCompile>
    <ClCompile Include="cDrawings.cpp">
      <Filter>Source</Filter>
    </ClCompile>
    <ClCompile Include="ProcMem.cpp">
      <Filter>Source</Filter>
    </ClCompile>
    <ClCompile Include="cfg.cpp">
      <Filter>CFG</Filter>
    </ClCompile>
  </ItemGroup>
  <ItemGroup>
    <ClInclude Include="hMain.h">
      <Filter>Include</Filter>
    </ClInclude>
    <ClInclude Include="hDirectX.h">
      <Filter>Include</Filter>
    </ClInclude>
    <ClInclude Include="hDrawings.h">
      <Filter>Include</Filter>
    </ClInclude>
    <ClInclude Include="Vector.h">
      <Filter>Include</Filter>
    </ClInclude>
    <ClInclude Include="Functions.h">
      <Filter>Include</Filter>
    </ClInclude>
    <ClInclude Include="ProcMem.h">
      <Filter>Include</Filter>
    </ClInclude>
    <ClInclude Include="cfg.h">
      <Filter>CFG</Filter>
    </ClInclude>
    <ClInclude Include="Offsets.h">
      <Filter>Include</Filter>
    </ClInclude>
    <ClInclude Include="FindPattern\FindPattern.h">
      <Filter>Include</Filter>
    </ClInclude>
  </ItemGroup>
</Project>